
Microsoft Visual Studio Solution File, Format Version 12.00
# Visual Studio 15
VisualStudioVersion = 15.0.26124.0
MinimumVisualStudioVersion = 15.0.26124.0
Project("{F2A71F9B-5D33-465A-A702-920D77279786}") = "solutions", "solutions\solutions.fsproj", "{2A6C2389-03A1-4268-BB78-ED346620FC72}"
EndProject
Project("{F2A71F9B-5D33-465A-A702-920D77279786}") = "tests", "tests\tests.fsproj", "{754C1CBF-77EB-4447-B1E9-14FBB88D151D}"
EndProject
Global
	GlobalSection(SolutionConfigurationPlatforms) = preSolution
		Debug|Any CPU = Debug|Any CPU
		Debug|x64 = Debug|x64
		Debug|x86 = Debug|x86
		Release|Any CPU = Release|Any CPU
		Release|x64 = Release|x64
		Release|x86 = Release|x86
	EndGlobalSection
	GlobalSection(SolutionProperties) = preSolution
		HideSolutionNode = FALSE
	EndGlobalSection
	GlobalSection(ProjectConfigurationPlatforms) = postSolution
		{2A6C2389-03A1-4268-BB78-ED346620FC72}.Debug|Any CPU.ActiveCfg = Debug|Any CPU
		{2A6C2389-03A1-4268-BB78-ED346620FC72}.Debug|Any CPU.Build.0 = Debug|Any CPU
		{2A6C2389-03A1-4268-BB78-ED346620FC72}.Debug|x64.ActiveCfg = Debug|Any CPU
		{2A6C2389-03A1-4268-BB78-ED346620FC72}.Debug|x64.Build.0 = Debug|Any CPU
		{2A6C2389-03A1-4268-BB78-ED346620FC72}.Debug|x86.ActiveCfg = Debug|Any CPU
		{2A6C2389-03A1-4268-BB78-ED346620FC72}.Debug|x86.Build.0 = Debug|Any CPU
		{2A6C2389-03A1-4268-BB78-ED346620FC72}.Release|Any CPU.ActiveCfg = Release|Any CPU
		{2A6C2389-03A1-4268-BB78-ED346620FC72}.Release|Any CPU.Build.0 = Release|Any CPU
		{2A6C2389-03A1-4268-BB78-ED346620FC72}.Release|x64.ActiveCfg = Release|Any CPU
		{2A6C2389-03A1-4268-BB78-ED346620FC72}.Release|x64.Build.0 = Release|Any CPU
		{2A6C2389-03A1-4268-BB78-ED346620FC72}.Release|x86.ActiveCfg = Release|Any CPU
		{2A6C2389-03A1-4268-BB78-ED346620FC72}.Release|x86.Build.0 = Release|Any CPU
		{754C1CBF-77EB-4447-B1E9-14FBB88D151D}.Debug|Any CPU.ActiveCfg = Debug|Any CPU
		{754C1CBF-77EB-4447-B1E9-14FBB88D151D}.Debug|Any CPU.Build.0 = Debug|Any CPU
		{754C1CBF-77EB-4447-B1E9-14FBB88D151D}.Debug|x64.ActiveCfg = Debug|Any CPU
		{754C1CBF-77EB-4447-B1E9-14FBB88D151D}.Debug|x64.Build.0 = Debug|Any CPU
		{754C1CBF-77EB-4447-B1E9-14FBB88D151D}.Debug|x86.ActiveCfg = Debug|Any CPU
		{754C1CBF-77EB-4447-B1E9-14FBB88D151D}.Debug|x86.Build.0 = Debug|Any CPU
		{754C1CBF-77EB-4447-B1E9-14FBB88D151D}.Release|Any CPU.ActiveCfg = Release|Any CPU
		{754C1CBF-77EB-4447-B1E9-14FBB88D151D}.Release|Any CPU.Build.0 = Release|Any CPU
		{754C1CBF-77EB-4447-B1E9-14FBB88D151D}.Release|x64.ActiveCfg = Release|Any CPU
		{754C1CBF-77EB-4447-B1E9-14FBB88D151D}.Release|x64.Build.0 = Release|Any CPU
		{754C1CBF-77EB-4447-B1E9-14FBB88D151D}.Release|x86.ActiveCfg = Release|Any CPU
		{754C1CBF-77EB-4447-B1E9-14FBB88D151D}.Release|x86.Build.0 = Release|Any CPU
	EndGlobalSection
EndGlobal
